
Microsoft Visual Studio Solution File, Format Version 12.00
# Visual Studio 14
VisualStudioVersion = 14.0.25420.1
MinimumVisualStudioVersion = 10.0.40219.1
Project("{8BC9CEB8-8B4A-11D0-8D11-00A0C91BC942}") = "CookieEng", "CookieEng\CookieEng.vcxproj", "{881DA49D-9C43-4C8B-A5EA-CA9535DCC376}"
EndProject
Project("{8BC9CEB8-8B4A-11D0-8D11-00A0C91BC942}") = "Application", "Application\Application.vcxproj", "{D7BC3F55-30C8-4B69-B049-24BD88FBAB69}"
	ProjectSection(ProjectDependencies) = postProject
		{881DA49D-9C43-4C8B-A5EA-CA9535DCC376} = {881DA49D-9C43-4C8B-A5EA-CA9535DCC376}
	EndProjectSection
EndProject
Project("{F088123C-0E9E-452A-89E6-6BA2F21D5CAC}") = "EngineUML", "EngineUML\EngineUML.modelproj", "{8B68CAC5-6759-4616-886D-0D43999FE3D1}"
EndProject
Global
	GlobalSection(SolutionConfigurationPlatforms) = preSolution
		Debug|Any CPU = Debug|Any CPU
		Debug|x64 = Debug|x64
		Debug|x86 = Debug|x86
		Release|Any CPU = Release|Any CPU
		Release|x64 = Release|x64
		Release|x86 = Release|x86
	EndGlobalSection
	GlobalSection(ProjectConfigurationPlatforms) = postSolution
		{881DA49D-9C43-4C8B-A5EA-CA9535DCC376}.Debug|Any CPU.ActiveCfg = Debug|Win32
		{881DA49D-9C43-4C8B-A5EA-CA9535DCC376}.Debug|x64.ActiveCfg = Debug|x64
		{881DA49D-9C43-4C8B-A5EA-CA9535DCC376}.Debug|x64.Build.0 = Debug|x64
		{881DA49D-9C43-4C8B-A5EA-CA9535DCC376}.Debug|x86.ActiveCfg = Debug|Win32
		{881DA49D-9C43-4C8B-A5EA-CA9535DCC376}.Debug|x86.Build.0 = Debug|Win32
		{881DA49D-9C43-4C8B-A5EA-CA9535DCC376}.Release|Any CPU.ActiveCfg = Release|Win32
		{881DA49D-9C43-4C8B-A5EA-CA9535DCC376}.Release|x64.ActiveCfg = Release|x64
		{881DA49D-9C43-4C8B-A5EA-CA9535DCC376}.Release|x64.Build.0 = Release|x64
		{881DA49D-9C43-4C8B-A5EA-CA9535DCC376}.Release|x86.ActiveCfg = Release|Win32
		{881DA49D-9C43-4C8B-A5EA-CA9535DCC376}.Release|x86.Build.0 = Release|Win32
		{D7BC3F55-30C8-4B69-B049-24BD88FBAB69}.Debug|Any CPU.ActiveCfg = Debug|Win32
		{D7BC3F55-30C8-4B69-B049-24BD88FBAB69}.Debug|x64.ActiveCfg = Debug|x64
		{D7BC3F55-30C8-4B69-B049-24BD88FBAB69}.Debug|x64.Build.0 = Debug|x64
		{D7BC3F55-30C8-4B69-B049-24BD88FBAB69}.Debug|x86.ActiveCfg = Debug|Win32
		{D7BC3F55-30C8-4B69-B049-24BD88FBAB69}.Debug|x86.Build.0 = Debug|Win32
		{D7BC3F55-30C8-4B69-B049-24BD88FBAB69}.Release|Any CPU.ActiveCfg = Release|Win32
		{D7BC3F55-30C8-4B69-B049-24BD88FBAB69}.Release|x64.ActiveCfg = Release|x64
		{D7BC3F55-30C8-4B69-B049-24BD88FBAB69}.Release|x64.Build.0 = Release|x64
		{D7BC3F55-30C8-4B69-B049-24BD88FBAB69}.Release|x86.ActiveCfg = Release|Win32
		{D7BC3F55-30C8-4B69-B049-24BD88FBAB69}.Release|x86.Build.0 = Release|Win32
		{8B68CAC5-6759-4616-886D-0D43999FE3D1}.Debug|Any CPU.ActiveCfg = Debug|Any CPU
		{8B68CAC5-6759-4616-886D-0D43999FE3D1}.Debug|Any CPU.Build.0 = Debug|Any CPU
		{8B68CAC5-6759-4616-886D-0D43999FE3D1}.Debug|x64.ActiveCfg = Debug|Any CPU
		{8B68CAC5-6759-4616-886D-0D43999FE3D1}.Debug|x64.Build.0 = Debug|Any CPU
		{8B68CAC5-6759-4616-886D-0D43999FE3D1}.Debug|x86.ActiveCfg = Debug|Any CPU
		{8B68CAC5-6759-4616-886D-0D43999FE3D1}.Debug|x86.Build.0 = Debug|Any CPU
		{8B68CAC5-6759-4616-886D-0D43999FE3D1}.Release|Any CPU.ActiveCfg = Release|Any CPU
		{8B68CAC5-6759-4616-886D-0D43999FE3D1}.Release|Any CPU.Build.0 = Release|Any CPU
		{8B68CAC5-6759-4616-886D-0D43999FE3D1}.Release|x64.ActiveCfg = Release|Any CPU
		{8B68CAC5-6759-4616-886D-0D43999FE3D1}.Release|x64.Build.0 = Release|Any CPU
		{8B68CAC5-6759-4616-886D-0D43999FE3D1}.Release|x86.ActiveCfg = Release|Any CPU
		{8B68CAC5-6759-4616-886D-0D43999FE3D1}.Release|x86.Build.0 = Release|Any CPU
	EndGlobalSection
	GlobalSection(SolutionProperties) = preSolution
		HideSolutionNode = FALSE
	EndGlobalSection
	GlobalSection(ExtensibilityGlobals) = postSolution
		SolutionGuid = {5DEFB78C-09CB-4ACB-8991-FDE5F2B18F36}
	EndGlobalSection
EndGlobal
