<?xml version="1.0" encoding="utf-8"?>
<Project ToolsVersion="4.0" xmlns="http://schemas.microsoft.com/developer/msbuild/2003">
  <ItemGroup>
    <Filter Include="Source Files">
      <UniqueIdentifier>{4FC737F1-C7A5-4376-A066-2A32D752A2FF}</UniqueIdentifier>
      <Extensions>cpp;c;cc;cxx;def;odl;idl;hpj;bat;asm;asmx</Extensions>
    </Filter>
    <Filter Include="Header Files">
      <UniqueIdentifier>{93995380-89BD-4b04-88EB-625FBE52EBFB}</UniqueIdentifier>
      <Extensions>h;hh;hpp;hxx;hm;inl;inc;ipp;xsd</Extensions>
    </Filter>
    <Filter Include="Resource Files">
      <UniqueIdentifier>{67DA6AB6-F800-4c08-8B7A-83BB121AAD01}</UniqueIdentifier>
      <Extensions>rc;ico;cur;bmp;dlg;rc2;rct;bin;rgs;gif;jpg;jpeg;jpe;resx;tiff;tif;png;wav;mfcribbon-ms</Extensions>
    </Filter>
    <Filter Include="Resource Files\Doxygen">
      <UniqueIdentifier>{999a91c6-aac5-430f-9dad-f87c3ed4c046}</UniqueIdentifier>
    </Filter>
    <Filter Include="Resource Files\Shaders">
      <UniqueIdentifier>{84dd6ddd-7337-4d94-8b47-15de0a673c92}</UniqueIdentifier>
    </Filter>
    <Filter Include="Header Files\Core">
      <UniqueIdentifier>{72474954-00d1-41d3-aca1-50c8c3078fb5}</UniqueIdentifier>
    </Filter>
    <Filter Include="Source Files\Core">
      <UniqueIdentifier>{1579dc4d-e30f-45ba-86e2-37c2a8e35156}</UniqueIdentifier>
    </Filter>
    <Filter Include="Header Files\Backend">
      <UniqueIdentifier>{311b8c53-2347-4351-802e-b1265ddecbed}</UniqueIdentifier>
    </Filter>
    <Filter Include="Header Files\Backend\Services">
      <UniqueIdentifier>{ac940bc6-8e42-4d66-9131-ff80ab7fed9c}</UniqueIdentifier>
    </Filter>
    <Filter Include="Header Files\Backend\Services\Managers">
      <UniqueIdentifier>{f7cbd565-3a6a-4dec-97ed-b4af22ebdc0f}</UniqueIdentifier>
    </Filter>
    <Filter Include="Header Files\Backend\Services\SDL">
      <UniqueIdentifier>{b5ce176c-0d07-43e3-9ea7-025c4bafe0bf}</UniqueIdentifier>
    </Filter>
    <Filter Include="Header Files\Backend\OpenGL">
      <UniqueIdentifier>{03f0dd5c-5cda-445d-8630-5e7a8e3536ca}</UniqueIdentifier>
    </Filter>
    <Filter Include="Header Files\Backend\OpenGL\Buffers">
      <UniqueIdentifier>{edc01e7e-de89-4e47-b342-787f81ad3b20}</UniqueIdentifier>
    </Filter>
    <Filter Include="Header Files\Backend\OpenGL\Rendering">
      <UniqueIdentifier>{8331b57c-7e87-4797-9030-c88e2a94fb0a}</UniqueIdentifier>
    </Filter>
    <Filter Include="Header Files\Backend\Messaging">
      <UniqueIdentifier>{01f296b3-2fdc-412b-b14d-3b3d8d5a4239}</UniqueIdentifier>
    </Filter>
    <Filter Include="Header Files\Backend\Data">
      <UniqueIdentifier>{f75badb9-58d8-410d-8da0-6177325ae81b}</UniqueIdentifier>
    </Filter>
    <Filter Include="Source Files\Backend">
      <UniqueIdentifier>{2547a825-e084-4a1a-a4a1-f2d8f700ee06}</UniqueIdentifier>
    </Filter>
    <Filter Include="Source Files\Backend\OpenGL">
      <UniqueIdentifier>{7a92df4a-a3e9-4eeb-a138-3d59711607e6}</UniqueIdentifier>
    </Filter>
    <Filter Include="Source Files\Backend\OpenGL\Buffers">
      <UniqueIdentifier>{a950019e-0117-43ea-bc5e-afda569a0f07}</UniqueIdentifier>
    </Filter>
    <Filter Include="Source Files\Backend\OpenGL\Rendering">
      <UniqueIdentifier>{0a0b04d7-ac15-401d-ac89-331a7dbed6ee}</UniqueIdentifier>
    </Filter>
    <Filter Include="Source Files\Backend\Services">
      <UniqueIdentifier>{99e12283-2dd0-4a17-b909-abab23c71bbe}</UniqueIdentifier>
    </Filter>
    <Filter Include="Source Files\Backend\Services\Managers">
      <UniqueIdentifier>{7900d326-1265-4580-8ae2-ff4001be4761}</UniqueIdentifier>
    </Filter>
    <Filter Include="Source Files\Backend\SDL">
      <UniqueIdentifier>{31641f22-61d5-47c0-8cf2-b9375b171253}</UniqueIdentifier>
    </Filter>
    <Filter Include="Source Files\Backend\Messaging">
      <UniqueIdentifier>{e816a826-b7c9-4b26-b582-4042b8a6aac9}</UniqueIdentifier>
    </Filter>
    <Filter Include="Source Files\Backend\Data">
      <UniqueIdentifier>{be790d67-ced9-44ba-8ff3-62c2a407605a}</UniqueIdentifier>
    </Filter>
    <Filter Include="Header Files\Backend\Utils">
      <UniqueIdentifier>{f78c0c19-644d-453e-9063-cad5fdf84eef}</UniqueIdentifier>
    </Filter>
    <Filter Include="Source Files\Backend\Utils">
      <UniqueIdentifier>{77be1840-b2df-4deb-8808-0541f08379f5}</UniqueIdentifier>
    </Filter>
    <Filter Include="Source Files\Resource Managment">
      <UniqueIdentifier>{0fd54096-d929-4f4c-a66e-f75e57c513ec}</UniqueIdentifier>
    </Filter>
    <Filter Include="Header Files\Resource Managment">
      <UniqueIdentifier>{280d1858-0344-47ae-a826-66ad32cbe23e}</UniqueIdentifier>
    </Filter>
    <Filter Include="Header Files\ECS">
      <UniqueIdentifier>{192a20ae-344d-4325-bbba-b48f3e8bb762}</UniqueIdentifier>
    </Filter>
    <Filter Include="Source Files\ECS">
      <UniqueIdentifier>{39186b2c-6bd6-4f13-ad16-e9a669af609a}</UniqueIdentifier>
    </Filter>
  </ItemGroup>
  <ItemGroup>
    <ClCompile Include="src\Initialiser.cpp">
      <Filter>Source Files\Backend\Services</Filter>
    </ClCompile>
    <ClCompile Include="src\ServiceLocator.cpp">
      <Filter>Source Files\Backend\Services</Filter>
    </ClCompile>
    <ClCompile Include="src\ServiceContainer.cpp">
      <Filter>Source Files\Backend\Services</Filter>
    </ClCompile>
    <ClCompile Include="src\FileManager.cpp">
      <Filter>Source Files\Backend\Services\Managers</Filter>
    </ClCompile>
    <ClCompile Include="src\VertexArray.cpp">
      <Filter>Source Files\Backend\OpenGL\Buffers</Filter>
    </ClCompile>
    <ClCompile Include="src\VertexBuffer.cpp">
      <Filter>Source Files\Backend\OpenGL\Buffers</Filter>
    </ClCompile>
    <ClCompile Include="src\VertexBufferLayout.cpp">
      <Filter>Source Files\Backend\OpenGL\Buffers</Filter>
    </ClCompile>
    <ClCompile Include="src\Mesh.cpp">
      <Filter>Source Files\Backend\Data</Filter>
    </ClCompile>
    <ClCompile Include="src\Vertex.cpp">
      <Filter>Source Files\Backend\Data</Filter>
    </ClCompile>
    <ClCompile Include="src\Shader.cpp">
      <Filter>Source Files\Backend\OpenGL\Rendering</Filter>
    </ClCompile>
    <ClCompile Include="src\Renderer.cpp">
      <Filter>Source Files\Backend\OpenGL\Rendering</Filter>
    </ClCompile>
    <ClCompile Include="src\external\stb_image\stb_image.cpp">
      <Filter>Source Files</Filter>
    </ClCompile>
    <ClCompile Include="src\Texture.cpp">
      <Filter>Source Files\Backend\OpenGL</Filter>
    </ClCompile>
    <ClCompile Include="src\ShaderProgram.cpp">
      <Filter>Source Files\Backend\OpenGL\Rendering</Filter>
    </ClCompile>
    <ClCompile Include="src\FrameBuffer.cpp">
      <Filter>Source Files\Backend\OpenGL</Filter>
    </ClCompile>
    <ClCompile Include="src\Transform.cpp">
      <Filter>Source Files\Backend\Data</Filter>
    </ClCompile>
    <ClCompile Include="src\Message.cpp">
      <Filter>Source Files\Backend\Messaging</Filter>
    </ClCompile>
    <ClCompile Include="src\IMessageHandler.cpp">
      <Filter>Source Files\Backend\Messaging</Filter>
    </ClCompile>
    <ClCompile Include="src\MessageQueue.cpp">
      <Filter>Source Files\Backend\Messaging</Filter>
    </ClCompile>
    <ClCompile Include="src\TestEntity.cpp">
      <Filter>Source Files</Filter>
    </ClCompile>
    <ClCompile Include="src\Window.cpp">
      <Filter>Source Files\Backend\SDL</Filter>
    </ClCompile>
    <ClCompile Include="src\Material.cpp">
      <Filter>Source Files\Core</Filter>
    </ClCompile>
    <ClCompile Include="src\IGameObject.cpp">
      <Filter>Source Files\Core</Filter>
    </ClCompile>
    <ClCompile Include="src\Camera.cpp">
      <Filter>Source Files\Core</Filter>
    </ClCompile>
    <ClCompile Include="src\ThreadPool.cpp">
      <Filter>Source Files</Filter>
    </ClCompile>
    <ClCompile Include="src\Resource.cpp">
      <Filter>Source Files\Resource Managment</Filter>
    </ClCompile>
    <ClCompile Include="src\ResourceLoader.cpp">
      <Filter>Source Files\Resource Managment</Filter>
    </ClCompile>
    <ClCompile Include="src\ResourceManager.cpp">
      <Filter>Source Files\Resource Managment</Filter>
    </ClCompile>
    <ClCompile Include="src\Renderable.cpp">
      <Filter>Source Files</Filter>
    </ClCompile>
    <ClCompile Include="include\CookieEng.h">
      <Filter>Source Files</Filter>
    </ClCompile>
    <ClCompile Include="src\Scene.cpp">
      <Filter>Source Files</Filter>
    </ClCompile>
    <ClCompile Include="src\Entity.cpp">
      <Filter>Source Files</Filter>
    </ClCompile>
  </ItemGroup>
  <ItemGroup>
    <ClInclude Include="include\ServiceLocator.h">
      <Filter>Header Files\Backend\Services</Filter>
    </ClInclude>
    <ClInclude Include="include\Initialiser.h">
      <Filter>Header Files\Backend\Services</Filter>
    </ClInclude>
    <ClInclude Include="include\ServiceContainer.h">
      <Filter>Header Files\Backend\Services</Filter>
    </ClInclude>
    <ClInclude Include="include\FileManager.h">
      <Filter>Header Files\Backend\Services\Managers</Filter>
    </ClInclude>
    <ClInclude Include="include\VertexArray.h">
      <Filter>Header Files\Backend\OpenGL\Buffers</Filter>
    </ClInclude>
    <ClInclude Include="include\VertexBuffer.h">
      <Filter>Header Files\Backend\OpenGL\Buffers</Filter>
    </ClInclude>
    <ClInclude Include="include\VertexBufferLayout.h">
      <Filter>Header Files\Backend\OpenGL\Buffers</Filter>
    </ClInclude>
    <ClInclude Include="include\Vertex.h">
      <Filter>Header Files\Backend\Data</Filter>
    </ClInclude>
    <ClInclude Include="include\Mesh.h">
      <Filter>Header Files\Backend\Data</Filter>
    </ClInclude>
    <ClInclude Include="include\Renderer.h">
      <Filter>Header Files\Backend\OpenGL\Rendering</Filter>
    </ClInclude>
    <ClInclude Include="include\external\stb_image\stb_image.h">
      <Filter>Header Files</Filter>
    </ClInclude>
    <ClInclude Include="include\Texture.h">
      <Filter>Header Files\Backend\OpenGL</Filter>
    </ClInclude>
    <ClInclude Include="include\Shader.h">
      <Filter>Header Files\Backend\OpenGL\Rendering</Filter>
    </ClInclude>
    <ClInclude Include="include\ShaderProgram.h">
      <Filter>Header Files\Backend\OpenGL\Rendering</Filter>
    </ClInclude>
    <ClInclude Include="include\FrameBuffer.h">
      <Filter>Header Files\Backend\OpenGL</Filter>
    </ClInclude>
    <ClInclude Include="include\Transform.h">
      <Filter>Header Files\Backend\Data</Filter>
    </ClInclude>
    <ClInclude Include="include\Message.h">
      <Filter>Header Files\Backend\Messaging</Filter>
    </ClInclude>
    <ClInclude Include="include\IMessageHandler.h">
      <Filter>Header Files\Backend\Messaging</Filter>
    </ClInclude>
    <ClInclude Include="include\MessageQueue.h">
      <Filter>Header Files\Backend\Messaging</Filter>
    </ClInclude>
    <ClInclude Include="include\Window.h">
      <Filter>Header Files\Backend\Services\SDL</Filter>
    </ClInclude>
    <ClInclude Include="include\IGameObject.h">
      <Filter>Header Files\Core</Filter>
    </ClInclude>
    <ClInclude Include="include\Material.h">
      <Filter>Header Files\Core</Filter>
    </ClInclude>
    <ClInclude Include="include\Utils.h">
      <Filter>Header Files\Backend\Utils</Filter>
    </ClInclude>
    <ClInclude Include="include\Macro.h">
      <Filter>Header Files\Backend\Utils</Filter>
    </ClInclude>
    <ClInclude Include="include\Camera.h">
      <Filter>Header Files\Core</Filter>
    </ClInclude>
    <ClInclude Include="include\ThreadPool.h">
      <Filter>Header Files</Filter>
    </ClInclude>
    <ClInclude Include="include\Resource.h">
      <Filter>Header Files\Resource Managment</Filter>
    </ClInclude>
    <ClInclude Include="include\ResourceLoader.h">
      <Filter>Header Files\Resource Managment</Filter>
    </ClInclude>
    <ClInclude Include="include\ResourceManager.h">
      <Filter>Header Files\Resource Managment</Filter>
    </ClInclude>
    <ClInclude Include="include\TestEntity.h">
      <Filter>Header Files\ECS</Filter>
    </ClInclude>
    <ClInclude Include="include\ECS.h">
      <Filter>Header Files\ECS</Filter>
    </ClInclude>
    <ClInclude Include="include\Renderable.h">
      <Filter>Header Files</Filter>
    </ClInclude>
    <ClInclude Include="include\Times.h">
      <Filter>Header Files</Filter>
    </ClInclude>
    <ClInclude Include="include\Scene.h">
      <Filter>Header Files</Filter>
    </ClInclude>
    <ClInclude Include="include\Entity.h">
      <Filter>Header Files</Filter>
    </ClInclude>
    <ClInclude Include="include\Component.h">
      <Filter>Header Files</Filter>
    </ClInclude>
    <ClInclude Include="src\Component.cpp">
      <Filter>Header Files</Filter>
    </ClInclude>
  </ItemGroup>
  <ItemGroup>
    <Text Include="resources\DoxygenRef.txt">
      <Filter>Resource Files\Doxygen</Filter>
    </Text>
    <Text Include="resources\shaders\post_processing\PostProcFrag.glsl">
      <Filter>Resource Files\Shaders</Filter>
    </Text>
    <Text Include="resources\shaders\post_processing\PostProcVert.glsl">
      <Filter>Resource Files\Shaders</Filter>
    </Text>
    <Text Include="resources\shaders\object\frag.glsl">
      <Filter>Resource Files\Shaders</Filter>
    </Text>
    <Text Include="resources\shaders\object\vert.glsl">
      <Filter>Resource Files\Shaders</Filter>
    </Text>
  </ItemGroup>
  <ItemGroup>
    <None Include="resources\DoxygenMain.dox">
      <Filter>Resource Files\Doxygen</Filter>
    </None>
    <None Include="resources\doxygen\DoxygenMain.doxtxt">
      <Filter>Resource Files\Doxygen</Filter>
    </None>
    <None Include="resources\doxygen\home.dox">
      <Filter>Resource Files\Doxygen</Filter>
    </None>
    <None Include="resources\shaders\frag.glsl" />
    <None Include="resources\shaders\vert.glsl" />
    <None Include="resources\shaders\PostProcFrag.glsl" />
    <None Include="resources\shaders\PostProcVert.glsl" />
    <None Include="resources\shaders\BasicShader.cngShader" />
    <None Include="resources\shaders\BasicPP.cngShader" />
    <None Include="resources\assets\levels\test.lvl" />
    <None Include="resources\materials\BasicMaterial.mat" />
  </ItemGroup>
  <ItemGroup>
    <Image Include="resources\textures\Default.png">
      <Filter>Resource Files</Filter>
    </Image>
  </ItemGroup>
</Project>